// !$*UTF8*$!
{
	archiveVersion = 1;
	classes = {
	};
	objectVersion = 52;
	objects = {

/* Begin PBXBuildFile section */
		0E422CB02697905000804543 /* AppDelegate.swift in Sources */ = {isa = PBXBuildFile; fileRef = 0E422CAF2697905000804543 /* AppDelegate.swift */; };
		0E422CB22697905000804543 /* SceneDelegate.swift in Sources */ = {isa = PBXBuildFile; fileRef = 0E422CB12697905000804543 /* SceneDelegate.swift */; };
		0E422CB42697905000804543 /* ViewController.swift in Sources */ = {isa = PBXBuildFile; fileRef = 0E422CB32697905000804543 /* ViewController.swift */; };
		0E422CB72697905000804543 /* Main.storyboard in Resources */ = {isa = PBXBuildFile; fileRef = 0E422CB52697905000804543 /* Main.storyboard */; };
		0E422CB92697905100804543 /* Assets.xcassets in Resources */ = {isa = PBXBuildFile; fileRef = 0E422CB82697905100804543 /* Assets.xcassets */; };
		0E422CBC2697905100804543 /* LaunchScreen.storyboard in Resources */ = {isa = PBXBuildFile; fileRef = 0E422CBA2697905100804543 /* LaunchScreen.storyboard */; };
		0E422CC72697905100804543 /* Marvel_SearchTests.swift in Sources */ = {isa = PBXBuildFile; fileRef = 0E422CC62697905100804543 /* Marvel_SearchTests.swift */; };
		0E422CD22697905100804543 /* Marvel_SearchUITests.swift in Sources */ = {isa = PBXBuildFile; fileRef = 0E422CD12697905100804543 /* Marvel_SearchUITests.swift */; };
		0E422CE826979C1F00804543 /* Hero.swift in Sources */ = {isa = PBXBuildFile; fileRef = 0E422CE726979C1F00804543 /* Hero.swift */; };
		0E422CEF2697A5C300804543 /* cap.png in Resources */ = {isa = PBXBuildFile; fileRef = 0E422CEA2697A5C100804543 /* cap.png */; };
		0E422CF02697A5C300804543 /* spiderman.png in Resources */ = {isa = PBXBuildFile; fileRef = 0E422CEB2697A5C200804543 /* spiderman.png */; };
		0E422CF12697A5C300804543 /* hulk.png in Resources */ = {isa = PBXBuildFile; fileRef = 0E422CEC2697A5C200804543 /* hulk.png */; };
		0E422CF22697A5C300804543 /* thor.png in Resources */ = {isa = PBXBuildFile; fileRef = 0E422CED2697A5C200804543 /* thor.png */; };
		0E422CF32697A5C300804543 /* viuva.png in Resources */ = {isa = PBXBuildFile; fileRef = 0E422CEE2697A5C300804543 /* viuva.png */; };
		0E422CF72697AA1A00804543 /* HeroDetailViewController.swift in Sources */ = {isa = PBXBuildFile; fileRef = 0E422CF62697AA1A00804543 /* HeroDetailViewController.swift */; };
		0E422CF92697BCBB00804543 /* fundo.jpg in Resources */ = {isa = PBXBuildFile; fileRef = 0E422CF82697BCBB00804543 /* fundo.jpg */; };
		0E422CFF2697C74500804543 /* MarvelApi.swift in Sources */ = {isa = PBXBuildFile; fileRef = 0E422CFE2697C74500804543 /* MarvelApi.swift */; };
		0E960165269E6570003D30DB /* HeroCollectionViewCell.swift in Sources */ = {isa = PBXBuildFile; fileRef = 0E960164269E6570003D30DB /* HeroCollectionViewCell.swift */; };
		0E960168269FC8B2003D30DB /* AutoSizingUITableView.swift in Sources */ = {isa = PBXBuildFile; fileRef = 0E960167269FC8B2003D30DB /* AutoSizingUITableView.swift */; };
		0E96016D26A06D97003D30DB /* HomeViewModel.swift in Sources */ = {isa = PBXBuildFile; fileRef = 0E96016C26A06D97003D30DB /* HomeViewModel.swift */; };
		0E96017226AB55BB003D30DB /* HeroDetailViewController.xib in Resources */ = {isa = PBXBuildFile; fileRef = 0E96017126AB55BB003D30DB /* HeroDetailViewController.xib */; };
		0E96017926AB59A5003D30DB /* ComicsTableViewCell.swift in Sources */ = {isa = PBXBuildFile; fileRef = 0E96017726AB59A5003D30DB /* ComicsTableViewCell.swift */; };
		0E96017A26AB59A5003D30DB /* ComicsTableViewCell.xib in Resources */ = {isa = PBXBuildFile; fileRef = 0E96017826AB59A5003D30DB /* ComicsTableViewCell.xib */; };
		0ED626312697CE43002F3C26 /* Alamofire.xcframework in Frameworks */ = {isa = PBXBuildFile; fileRef = 0ED6262F2697CE43002F3C26 /* Alamofire.xcframework */; };
		0ED626322697CE43002F3C26 /* Alamofire.xcframework in Embed Frameworks */ = {isa = PBXBuildFile; fileRef = 0ED6262F2697CE43002F3C26 /* Alamofire.xcframework */; settings = {ATTRIBUTES = (CodeSignOnCopy, RemoveHeadersOnCopy, ); }; };
		0ED626332697CE43002F3C26 /* AlamofireImage.xcframework in Frameworks */ = {isa = PBXBuildFile; fileRef = 0ED626302697CE43002F3C26 /* AlamofireImage.xcframework */; };
		0ED626342697CE43002F3C26 /* AlamofireImage.xcframework in Embed Frameworks */ = {isa = PBXBuildFile; fileRef = 0ED626302697CE43002F3C26 /* AlamofireImage.xcframework */; settings = {ATTRIBUTES = (CodeSignOnCopy, RemoveHeadersOnCopy, ); }; };
		0ED626392697DB73002F3C26 /* CharacterResponse.swift in Sources */ = {isa = PBXBuildFile; fileRef = 0ED626382697DB73002F3C26 /* CharacterResponse.swift */; };
/* End PBXBuildFile section */

/* Begin PBXContainerItemProxy section */
		0E422CC32697905100804543 /* PBXContainerItemProxy */ = {
			isa = PBXContainerItemProxy;
			containerPortal = 0E422CA42697905000804543 /* Project object */;
			proxyType = 1;
			remoteGlobalIDString = 0E422CAB2697905000804543;
			remoteInfo = "Marvel Search";
		};
		0E422CCE2697905100804543 /* PBXContainerItemProxy */ = {
			isa = PBXContainerItemProxy;
			containerPortal = 0E422CA42697905000804543 /* Project object */;
			proxyType = 1;
			remoteGlobalIDString = 0E422CAB2697905000804543;
			remoteInfo = "Marvel Search";
		};
/* End PBXContainerItemProxy section */

/* Begin PBXCopyFilesBuildPhase section */
		0ED626352697CE43002F3C26 /* Embed Frameworks */ = {
			isa = PBXCopyFilesBuildPhase;
			buildActionMask = 2147483647;
			dstPath = "";
			dstSubfolderSpec = 10;
			files = (
				0ED626342697CE43002F3C26 /* AlamofireImage.xcframework in Embed Frameworks */,
				0ED626322697CE43002F3C26 /* Alamofire.xcframework in Embed Frameworks */,
			);
			name = "Embed Frameworks";
			runOnlyForDeploymentPostprocessing = 0;
		};
/* End PBXCopyFilesBuildPhase section */

/* Begin PBXFileReference section */
		0E422CAC2697905000804543 /* Marvel Search.app */ = {isa = PBXFileReference; explicitFileType = wrapper.application; includeInIndex = 0; path = "Marvel Search.app"; sourceTree = BUILT_PRODUCTS_DIR; };
		0E422CAF2697905000804543 /* AppDelegate.swift */ = {isa = PBXFileReference; lastKnownFileType = sourcecode.swift; path = AppDelegate.swift; sourceTree = "<group>"; };
		0E422CB12697905000804543 /* SceneDelegate.swift */ = {isa = PBXFileReference; lastKnownFileType = sourcecode.swift; path = SceneDelegate.swift; sourceTree = "<group>"; };
		0E422CB32697905000804543 /* ViewController.swift */ = {isa = PBXFileReference; lastKnownFileType = sourcecode.swift; path = ViewController.swift; sourceTree = "<group>"; };
		0E422CB62697905000804543 /* Base */ = {isa = PBXFileReference; lastKnownFileType = file.storyboard; name = Base; path = Base.lproj/Main.storyboard; sourceTree = "<group>"; };
		0E422CB82697905100804543 /* Assets.xcassets */ = {isa = PBXFileReference; lastKnownFileType = folder.assetcatalog; path = Assets.xcassets; sourceTree = "<group>"; };
		0E422CBB2697905100804543 /* Base */ = {isa = PBXFileReference; lastKnownFileType = file.storyboard; name = Base; path = Base.lproj/LaunchScreen.storyboard; sourceTree = "<group>"; };
		0E422CBD2697905100804543 /* Info.plist */ = {isa = PBXFileReference; lastKnownFileType = text.plist.xml; path = Info.plist; sourceTree = "<group>"; };
		0E422CC22697905100804543 /* Marvel SearchTests.xctest */ = {isa = PBXFileReference; explicitFileType = wrapper.cfbundle; includeInIndex = 0; path = "Marvel SearchTests.xctest"; sourceTree = BUILT_PRODUCTS_DIR; };
		0E422CC62697905100804543 /* Marvel_SearchTests.swift */ = {isa = PBXFileReference; lastKnownFileType = sourcecode.swift; path = Marvel_SearchTests.swift; sourceTree = "<group>"; };
		0E422CC82697905100804543 /* Info.plist */ = {isa = PBXFileReference; lastKnownFileType = text.plist.xml; path = Info.plist; sourceTree = "<group>"; };
		0E422CCD2697905100804543 /* Marvel SearchUITests.xctest */ = {isa = PBXFileReference; explicitFileType = wrapper.cfbundle; includeInIndex = 0; path = "Marvel SearchUITests.xctest"; sourceTree = BUILT_PRODUCTS_DIR; };
		0E422CD12697905100804543 /* Marvel_SearchUITests.swift */ = {isa = PBXFileReference; lastKnownFileType = sourcecode.swift; path = Marvel_SearchUITests.swift; sourceTree = "<group>"; };
		0E422CD32697905100804543 /* Info.plist */ = {isa = PBXFileReference; lastKnownFileType = text.plist.xml; path = Info.plist; sourceTree = "<group>"; };
		0E422CE726979C1F00804543 /* Hero.swift */ = {isa = PBXFileReference; lastKnownFileType = sourcecode.swift; path = Hero.swift; sourceTree = "<group>"; };
		0E422CEA2697A5C100804543 /* cap.png */ = {isa = PBXFileReference; lastKnownFileType = image.png; path = cap.png; sourceTree = "<group>"; };
		0E422CEB2697A5C200804543 /* spiderman.png */ = {isa = PBXFileReference; lastKnownFileType = image.png; path = spiderman.png; sourceTree = "<group>"; };
		0E422CEC2697A5C200804543 /* hulk.png */ = {isa = PBXFileReference; lastKnownFileType = image.png; path = hulk.png; sourceTree = "<group>"; };
		0E422CED2697A5C200804543 /* thor.png */ = {isa = PBXFileReference; lastKnownFileType = image.png; path = thor.png; sourceTree = "<group>"; };
		0E422CEE2697A5C300804543 /* viuva.png */ = {isa = PBXFileReference; lastKnownFileType = image.png; path = viuva.png; sourceTree = "<group>"; };
		0E422CF62697AA1A00804543 /* HeroDetailViewController.swift */ = {isa = PBXFileReference; lastKnownFileType = sourcecode.swift; path = HeroDetailViewController.swift; sourceTree = "<group>"; };
		0E422CF82697BCBB00804543 /* fundo.jpg */ = {isa = PBXFileReference; lastKnownFileType = image.jpeg; path = fundo.jpg; sourceTree = "<group>"; };
		0E422CFE2697C74500804543 /* MarvelApi.swift */ = {isa = PBXFileReference; lastKnownFileType = sourcecode.swift; path = MarvelApi.swift; sourceTree = "<group>"; };
		0E960164269E6570003D30DB /* HeroCollectionViewCell.swift */ = {isa = PBXFileReference; lastKnownFileType = sourcecode.swift; path = HeroCollectionViewCell.swift; sourceTree = "<group>"; };
		0E960167269FC8B2003D30DB /* AutoSizingUITableView.swift */ = {isa = PBXFileReference; lastKnownFileType = sourcecode.swift; path = AutoSizingUITableView.swift; sourceTree = "<group>"; };
		0E96016C26A06D97003D30DB /* HomeViewModel.swift */ = {isa = PBXFileReference; lastKnownFileType = sourcecode.swift; path = HomeViewModel.swift; sourceTree = "<group>"; };
		0E96017126AB55BB003D30DB /* HeroDetailViewController.xib */ = {isa = PBXFileReference; lastKnownFileType = file.xib; path = HeroDetailViewController.xib; sourceTree = "<group>"; };
		0E96017726AB59A5003D30DB /* ComicsTableViewCell.swift */ = {isa = PBXFileReference; lastKnownFileType = sourcecode.swift; path = ComicsTableViewCell.swift; sourceTree = "<group>"; };
		0E96017826AB59A5003D30DB /* ComicsTableViewCell.xib */ = {isa = PBXFileReference; lastKnownFileType = file.xib; path = ComicsTableViewCell.xib; sourceTree = "<group>"; };
		0ED6262F2697CE43002F3C26 /* Alamofire.xcframework */ = {isa = PBXFileReference; lastKnownFileType = wrapper.xcframework; name = Alamofire.xcframework; path = Carthage/Build/Alamofire.xcframework; sourceTree = "<group>"; };
		0ED626302697CE43002F3C26 /* AlamofireImage.xcframework */ = {isa = PBXFileReference; lastKnownFileType = wrapper.xcframework; name = AlamofireImage.xcframework; path = Carthage/Build/AlamofireImage.xcframework; sourceTree = "<group>"; };
		0ED626382697DB73002F3C26 /* CharacterResponse.swift */ = {isa = PBXFileReference; lastKnownFileType = sourcecode.swift; path = CharacterResponse.swift; sourceTree = "<group>"; };
/* End PBXFileReference section */

/* Begin PBXFrameworksBuildPhase section */
		0E422CA92697905000804543 /* Frameworks */ = {
			isa = PBXFrameworksBuildPhase;
			buildActionMask = 2147483647;
			files = (
				0ED626332697CE43002F3C26 /* AlamofireImage.xcframework in Frameworks */,
				0ED626312697CE43002F3C26 /* Alamofire.xcframework in Frameworks */,
			);
			runOnlyForDeploymentPostprocessing = 0;
		};
		0E422CBF2697905100804543 /* Frameworks */ = {
			isa = PBXFrameworksBuildPhase;
			buildActionMask = 2147483647;
			files = (
			);
			runOnlyForDeploymentPostprocessing = 0;
		};
		0E422CCA2697905100804543 /* Frameworks */ = {
			isa = PBXFrameworksBuildPhase;
			buildActionMask = 2147483647;
			files = (
			);
			runOnlyForDeploymentPostprocessing = 0;
		};
/* End PBXFrameworksBuildPhase section */

/* Begin PBXGroup section */
		0E422CA32697905000804543 = {
			isa = PBXGroup;
			children = (
				0E422CAE2697905000804543 /* Marvel Search */,
				0E422CC52697905100804543 /* Marvel SearchTests */,
				0E422CD02697905100804543 /* Marvel SearchUITests */,
				0E422CAD2697905000804543 /* Products */,
				0ED6262E2697CE43002F3C26 /* Frameworks */,
			);
			sourceTree = "<group>";
		};
		0E422CAD2697905000804543 /* Products */ = {
			isa = PBXGroup;
			children = (
				0E422CAC2697905000804543 /* Marvel Search.app */,
				0E422CC22697905100804543 /* Marvel SearchTests.xctest */,
				0E422CCD2697905100804543 /* Marvel SearchUITests.xctest */,
			);
			name = Products;
			sourceTree = "<group>";
		};
		0E422CAE2697905000804543 /* Marvel Search */ = {
			isa = PBXGroup;
			children = (
				0E422CE92697A5AF00804543 /* Assets */,
				0E422CDF269790EB00804543 /* Model */,
				0E96016A26A06D61003D30DB /* Views */,
				0E96016B26A06D69003D30DB /* ViewModels */,
				0ED626362697DB29002F3C26 /* Service */,
				0E960166269FC87B003D30DB /* Utils */,
				0E422CB52697905000804543 /* Main.storyboard */,
				0E422CAF2697905000804543 /* AppDelegate.swift */,
				0E422CB12697905000804543 /* SceneDelegate.swift */,
				0E422CB82697905100804543 /* Assets.xcassets */,
				0E422CBA2697905100804543 /* LaunchScreen.storyboard */,
				0E422CBD2697905100804543 /* Info.plist */,
			);
			path = "Marvel Search";
			sourceTree = "<group>";
		};
		0E422CC52697905100804543 /* Marvel SearchTests */ = {
			isa = PBXGroup;
			children = (
				0E422CC62697905100804543 /* Marvel_SearchTests.swift */,
				0E422CC82697905100804543 /* Info.plist */,
			);
			path = "Marvel SearchTests";
			sourceTree = "<group>";
		};
		0E422CD02697905100804543 /* Marvel SearchUITests */ = {
			isa = PBXGroup;
			children = (
				0E422CD12697905100804543 /* Marvel_SearchUITests.swift */,
				0E422CD32697905100804543 /* Info.plist */,
			);
			path = "Marvel SearchUITests";
			sourceTree = "<group>";
		};
		0E422CDF269790EB00804543 /* Model */ = {
			isa = PBXGroup;
			children = (
				0ED626372697DB40002F3C26 /* ApiReturn */,
				0E422CE726979C1F00804543 /* Hero.swift */,
			);
			path = Model;
			sourceTree = "<group>";
		};
		0E422CE92697A5AF00804543 /* Assets */ = {
			isa = PBXGroup;
			children = (
				0E422CF82697BCBB00804543 /* fundo.jpg */,
				0E422CEA2697A5C100804543 /* cap.png */,
				0E422CEC2697A5C200804543 /* hulk.png */,
				0E422CEB2697A5C200804543 /* spiderman.png */,
				0E422CED2697A5C200804543 /* thor.png */,
				0E422CEE2697A5C300804543 /* viuva.png */,
			);
			path = Assets;
			sourceTree = "<group>";
		};
		0E960166269FC87B003D30DB /* Utils */ = {
			isa = PBXGroup;
			children = (
				0E960167269FC8B2003D30DB /* AutoSizingUITableView.swift */,
			);
			path = Utils;
			sourceTree = "<group>";
		};
		0E96016A26A06D61003D30DB /* Views */ = {
			isa = PBXGroup;
			children = (
				0E96017026A06E1B003D30DB /* Cells */,
				0E422CB32697905000804543 /* ViewController.swift */,
				0E422CF62697AA1A00804543 /* HeroDetailViewController.swift */,
				0E96017126AB55BB003D30DB /* HeroDetailViewController.xib */,
			);
			path = Views;
			sourceTree = "<group>";
		};
		0E96016B26A06D69003D30DB /* ViewModels */ = {
			isa = PBXGroup;
			children = (
				0E96016C26A06D97003D30DB /* HomeViewModel.swift */,
			);
			path = ViewModels;
			sourceTree = "<group>";
		};
		0E96017026A06E1B003D30DB /* Cells */ = {
			isa = PBXGroup;
			children = (
				0E960164269E6570003D30DB /* HeroCollectionViewCell.swift */,
				0E96017726AB59A5003D30DB /* ComicsTableViewCell.swift */,
				0E96017826AB59A5003D30DB /* ComicsTableViewCell.xib */,
			);
			path = Cells;
			sourceTree = "<group>";
		};
		0ED6262E2697CE43002F3C26 /* Frameworks */ = {
			isa = PBXGroup;
			children = (
				0ED6262F2697CE43002F3C26 /* Alamofire.xcframework */,
				0ED626302697CE43002F3C26 /* AlamofireImage.xcframework */,
			);
			name = Frameworks;
			sourceTree = "<group>";
		};
		0ED626362697DB29002F3C26 /* Service */ = {
			isa = PBXGroup;
			children = (
				0E422CFE2697C74500804543 /* MarvelApi.swift */,
			);
			path = Service;
			sourceTree = "<group>";
		};
		0ED626372697DB40002F3C26 /* ApiReturn */ = {
			isa = PBXGroup;
			children = (
				0ED626382697DB73002F3C26 /* CharacterResponse.swift */,
			);
			path = ApiReturn;
			sourceTree = "<group>";
		};
/* End PBXGroup section */

/* Begin PBXNativeTarget section */
		0E422CAB2697905000804543 /* Marvel Search */ = {
			isa = PBXNativeTarget;
			buildConfigurationList = 0E422CD62697905100804543 /* Build configuration list for PBXNativeTarget "Marvel Search" */;
			buildPhases = (
				0E422CA82697905000804543 /* Sources */,
				0E422CA92697905000804543 /* Frameworks */,
				0E422CAA2697905000804543 /* Resources */,
				0ED626352697CE43002F3C26 /* Embed Frameworks */,
				0E960169269FD12C003D30DB /* SwfitLint */,
			);
			buildRules = (
			);
			dependencies = (
			);
			name = "Marvel Search";
			productName = "Marvel Search";
			productReference = 0E422CAC2697905000804543 /* Marvel Search.app */;
			productType = "com.apple.product-type.application";
		};
		0E422CC12697905100804543 /* Marvel SearchTests */ = {
			isa = PBXNativeTarget;
			buildConfigurationList = 0E422CD92697905100804543 /* Build configuration list for PBXNativeTarget "Marvel SearchTests" */;
			buildPhases = (
				0E422CBE2697905100804543 /* Sources */,
				0E422CBF2697905100804543 /* Frameworks */,
				0E422CC02697905100804543 /* Resources */,
			);
			buildRules = (
			);
			dependencies = (
				0E422CC42697905100804543 /* PBXTargetDependency */,
			);
			name = "Marvel SearchTests";
			productName = "Marvel SearchTests";
			productReference = 0E422CC22697905100804543 /* Marvel SearchTests.xctest */;
			productType = "com.apple.product-type.bundle.unit-test";
		};
		0E422CCC2697905100804543 /* Marvel SearchUITests */ = {
			isa = PBXNativeTarget;
			buildConfigurationList = 0E422CDC2697905100804543 /* Build configuration list for PBXNativeTarget "Marvel SearchUITests" */;
			buildPhases = (
				0E422CC92697905100804543 /* Sources */,
				0E422CCA2697905100804543 /* Frameworks */,
				0E422CCB2697905100804543 /* Resources */,
			);
			buildRules = (
			);
			dependencies = (
				0E422CCF2697905100804543 /* PBXTargetDependency */,
			);
			name = "Marvel SearchUITests";
			productName = "Marvel SearchUITests";
			productReference = 0E422CCD2697905100804543 /* Marvel SearchUITests.xctest */;
			productType = "com.apple.product-type.bundle.ui-testing";
		};
/* End PBXNativeTarget section */

/* Begin PBXProject section */
		0E422CA42697905000804543 /* Project object */ = {
			isa = PBXProject;
			attributes = {
				LastSwiftUpdateCheck = 1250;
				LastUpgradeCheck = 1250;
				TargetAttributes = {
					0E422CAB2697905000804543 = {
						CreatedOnToolsVersion = 12.5.1;
					};
					0E422CC12697905100804543 = {
						CreatedOnToolsVersion = 12.5.1;
						TestTargetID = 0E422CAB2697905000804543;
					};
					0E422CCC2697905100804543 = {
						CreatedOnToolsVersion = 12.5.1;
						TestTargetID = 0E422CAB2697905000804543;
					};
				};
			};
			buildConfigurationList = 0E422CA72697905000804543 /* Build configuration list for PBXProject "Marvel Search" */;
			compatibilityVersion = "Xcode 9.3";
			developmentRegion = en;
			hasScannedForEncodings = 0;
			knownRegions = (
				en,
				Base,
			);
			mainGroup = 0E422CA32697905000804543;
			productRefGroup = 0E422CAD2697905000804543 /* Products */;
			projectDirPath = "";
			projectRoot = "";
			targets = (
				0E422CAB2697905000804543 /* Marvel Search */,
				0E422CC12697905100804543 /* Marvel SearchTests */,
				0E422CCC2697905100804543 /* Marvel SearchUITests */,
			);
		};
/* End PBXProject section */

/* Begin PBXResourcesBuildPhase section */
		0E422CAA2697905000804543 /* Resources */ = {
			isa = PBXResourcesBuildPhase;
			buildActionMask = 2147483647;
			files = (
				0E422CBC2697905100804543 /* LaunchScreen.storyboard in Resources */,
				0E96017A26AB59A5003D30DB /* ComicsTableViewCell.xib in Resources */,
				0E422CB92697905100804543 /* Assets.xcassets in Resources */,
				0E422CEF2697A5C300804543 /* cap.png in Resources */,
				0E422CF02697A5C300804543 /* spiderman.png in Resources */,
				0E422CF22697A5C300804543 /* thor.png in Resources */,
				0E422CF92697BCBB00804543 /* fundo.jpg in Resources */,
				0E422CB72697905000804543 /* Main.storyboard in Resources */,
				0E96017226AB55BB003D30DB /* HeroDetailViewController.xib in Resources */,
				0E422CF12697A5C300804543 /* hulk.png in Resources */,
				0E422CF32697A5C300804543 /* viuva.png in Resources */,
			);
			runOnlyForDeploymentPostprocessing = 0;
		};
		0E422CC02697905100804543 /* Resources */ = {
			isa = PBXResourcesBuildPhase;
			buildActionMask = 2147483647;
			files = (
			);
			runOnlyForDeploymentPostprocessing = 0;
		};
		0E422CCB2697905100804543 /* Resources */ = {
			isa = PBXResourcesBuildPhase;
			buildActionMask = 2147483647;
			files = (
			);
			runOnlyForDeploymentPostprocessing = 0;
		};
/* End PBXResourcesBuildPhase section */

/* Begin PBXShellScriptBuildPhase section */
		0E960169269FD12C003D30DB /* SwfitLint */ = {
			isa = PBXShellScriptBuildPhase;
			buildActionMask = 2147483647;
			files = (
			);
			inputFileListPaths = (
			);
			inputPaths = (
			);
			name = SwfitLint;
			outputFileListPaths = (
			);
			outputPaths = (
			);
			runOnlyForDeploymentPostprocessing = 0;
			shellPath = /bin/sh;
			shellScript = "# Type a script or drag a script file from your workspace to insert its path.\n\n";
		};
/* End PBXShellScriptBuildPhase section */

/* Begin PBXSourcesBuildPhase section */
		0E422CA82697905000804543 /* Sources */ = {
			isa = PBXSourcesBuildPhase;
			buildActionMask = 2147483647;
			files = (
				0E960165269E6570003D30DB /* HeroCollectionViewCell.swift in Sources */,
				0E96016D26A06D97003D30DB /* HomeViewModel.swift in Sources */,
				0E422CFF2697C74500804543 /* MarvelApi.swift in Sources */,
				0E422CE826979C1F00804543 /* Hero.swift in Sources */,
				0E422CB42697905000804543 /* ViewController.swift in Sources */,
				0E422CB02697905000804543 /* AppDelegate.swift in Sources */,
				0E422CF72697AA1A00804543 /* HeroDetailViewController.swift in Sources */,
				0E422CB22697905000804543 /* SceneDelegate.swift in Sources */,
				0E960168269FC8B2003D30DB /* AutoSizingUITableView.swift in Sources */,
				0E96017926AB59A5003D30DB /* ComicsTableViewCell.swift in Sources */,
				0ED626392697DB73002F3C26 /* CharacterResponse.swift in Sources */,
			);
			runOnlyForDeploymentPostprocessing = 0;
		};
		0E422CBE2697905100804543 /* Sources */ = {
			isa = PBXSourcesBuildPhase;
			buildActionMask = 2147483647;
			files = (
				0E422CC72697905100804543 /* Marvel_SearchTests.swift in Sources */,
			);
			runOnlyForDeploymentPostprocessing = 0;
		};
		0E422CC92697905100804543 /* Sources */ = {
			isa = PBXSourcesBuildPhase;
			buildActionMask = 2147483647;
			files = (
				0E422CD22697905100804543 /* Marvel_SearchUITests.swift in Sources */,
			);
			runOnlyForDeploymentPostprocessing = 0;
		};
/* End PBXSourcesBuildPhase section */

/* Begin PBXTargetDependency section */
		0E422CC42697905100804543 /* PBXTargetDependency */ = {
			isa = PBXTargetDependency;
			target = 0E422CAB2697905000804543 /* Marvel Search */;
			targetProxy = 0E422CC32697905100804543 /* PBXContainerItemProxy */;
		};
		0E422CCF2697905100804543 /* PBXTargetDependency */ = {
			isa = PBXTargetDependency;
			target = 0E422CAB2697905000804543 /* Marvel Search */;
			targetProxy = 0E422CCE2697905100804543 /* PBXContainerItemProxy */;
		};
/* End PBXTargetDependency section */

/* Begin PBXVariantGroup section */
		0E422CB52697905000804543 /* Main.storyboard */ = {
			isa = PBXVariantGroup;
			children = (
				0E422CB62697905000804543 /* Base */,
			);
			name = Main.storyboard;
			sourceTree = "<group>";
		};
		0E422CBA2697905100804543 /* LaunchScreen.storyboard */ = {
			isa = PBXVariantGroup;
			children = (
				0E422CBB2697905100804543 /* Base */,
			);
			name = LaunchScreen.storyboard;
			sourceTree = "<group>";
		};
/* End PBXVariantGroup section */

/* Begin XCBuildConfiguration section */
		0E422CD42697905100804543 /* Debug */ = {
			isa = XCBuildConfiguration;
			buildSettings = {
				ALWAYS_SEARCH_USER_PATHS = NO;
				CLANG_ANALYZER_NONNULL = YES;
				CLANG_ANALYZER_NUMBER_OBJECT_CONVERSION = YES_AGGRESSIVE;
				CLANG_CXX_LANGUAGE_STANDARD = "gnu++14";
				CLANG_CXX_LIBRARY = "libc++";
				CLANG_ENABLE_MODULES = YES;
				CLANG_ENABLE_OBJC_ARC = YES;
				CLANG_ENABLE_OBJC_WEAK = YES;
				CLANG_WARN_BLOCK_CAPTURE_AUTORELEASING = YES;
				CLANG_WARN_BOOL_CONVERSION = YES;
				CLANG_WARN_COMMA = YES;
				CLANG_WARN_CONSTANT_CONVERSION = YES;
				CLANG_WARN_DEPRECATED_OBJC_IMPLEMENTATIONS = YES;
				CLANG_WARN_DIRECT_OBJC_ISA_USAGE = YES_ERROR;
				CLANG_WARN_DOCUMENTATION_COMMENTS = YES;
				CLANG_WARN_EMPTY_BODY = YES;
				CLANG_WARN_ENUM_CONVERSION = YES;
				CLANG_WARN_INFINITE_RECURSION = YES;
				CLANG_WARN_INT_CONVERSION = YES;
				CLANG_WARN_NON_LITERAL_NULL_CONVERSION = YES;
				CLANG_WARN_OBJC_IMPLICIT_RETAIN_SELF = YES;
				CLANG_WARN_OBJC_LITERAL_CONVERSION = YES;
				CLANG_WARN_OBJC_ROOT_CLASS = YES_ERROR;
				CLANG_WARN_QUOTED_INCLUDE_IN_FRAMEWORK_HEADER = YES;
				CLANG_WARN_RANGE_LOOP_ANALYSIS = YES;
				CLANG_WARN_STRICT_PROTOTYPES = YES;
				CLANG_WARN_SUSPICIOUS_MOVE = YES;
				CLANG_WARN_UNGUARDED_AVAILABILITY = YES_AGGRESSIVE;
				CLANG_WARN_UNREACHABLE_CODE = YES;
				CLANG_WARN__DUPLICATE_METHOD_MATCH = YES;
				COPY_PHASE_STRIP = NO;
				DEBUG_INFORMATION_FORMAT = dwarf;
				ENABLE_STRICT_OBJC_MSGSEND = YES;
				ENABLE_TESTABILITY = YES;
				GCC_C_LANGUAGE_STANDARD = gnu11;
				GCC_DYNAMIC_NO_PIC = NO;
				GCC_NO_COMMON_BLOCKS = YES;
				GCC_OPTIMIZATION_LEVEL = 0;
				GCC_PREPROCESSOR_DEFINITIONS = (
					"DEBUG=1",
					"$(inherited)",
				);
				GCC_WARN_64_TO_32_BIT_CONVERSION = YES;
				GCC_WARN_ABOUT_RETURN_TYPE = YES_ERROR;
				GCC_WARN_UNDECLARED_SELECTOR = YES;
				GCC_WARN_UNINITIALIZED_AUTOS = YES_AGGRESSIVE;
				GCC_WARN_UNUSED_FUNCTION = YES;
				GCC_WARN_UNUSED_VARIABLE = YES;
				IPHONEOS_DEPLOYMENT_TARGET = 14.5;
				MTL_ENABLE_DEBUG_INFO = INCLUDE_SOURCE;
				MTL_FAST_MATH = YES;
				ONLY_ACTIVE_ARCH = YES;
				SDKROOT = iphoneos;
				SWIFT_ACTIVE_COMPILATION_CONDITIONS = DEBUG;
				SWIFT_OPTIMIZATION_LEVEL = "-Onone";
			};
			name = Debug;
		};
		0E422CD52697905100804543 /* Release */ = {
			isa = XCBuildConfiguration;
			buildSettings = {
				ALWAYS_SEARCH_USER_PATHS = NO;
				CLANG_ANALYZER_NONNULL = YES;
				CLANG_ANALYZER_NUMBER_OBJECT_CONVERSION = YES_AGGRESSIVE;
				CLANG_CXX_LANGUAGE_STANDARD = "gnu++14";
				CLANG_CXX_LIBRARY = "libc++";
				CLANG_ENABLE_MODULES = YES;
				CLANG_ENABLE_OBJC_ARC = YES;
				CLANG_ENABLE_OBJC_WEAK = YES;
				CLANG_WARN_BLOCK_CAPTURE_AUTORELEASING = YES;
				CLANG_WARN_BOOL_CONVERSION = YES;
				CLANG_WARN_COMMA = YES;
				CLANG_WARN_CONSTANT_CONVERSION = YES;
				CLANG_WARN_DEPRECATED_OBJC_IMPLEMENTATIONS = YES;
				CLANG_WARN_DIRECT_OBJC_ISA_USAGE = YES_ERROR;
				CLANG_WARN_DOCUMENTATION_COMMENTS = YES;
				CLANG_WARN_EMPTY_BODY = YES;
				CLANG_WARN_ENUM_CONVERSION = YES;
				CLANG_WARN_INFINITE_RECURSION = YES;
				CLANG_WARN_INT_CONVERSION = YES;
				CLANG_WARN_NON_LITERAL_NULL_CONVERSION = YES;
				CLANG_WARN_OBJC_IMPLICIT_RETAIN_SELF = YES;
				CLANG_WARN_OBJC_LITERAL_CONVERSION = YES;
				CLANG_WARN_OBJC_ROOT_CLASS = YES_ERROR;
				CLANG_WARN_QUOTED_INCLUDE_IN_FRAMEWORK_HEADER = YES;
				CLANG_WARN_RANGE_LOOP_ANALYSIS = YES;
				CLANG_WARN_STRICT_PROTOTYPES = YES;
				CLANG_WARN_SUSPICIOUS_MOVE = YES;
				CLANG_WARN_UNGUARDED_AVAILABILITY = YES_AGGRESSIVE;
				CLANG_WARN_UNREACHABLE_CODE = YES;
				CLANG_WARN__DUPLICATE_METHOD_MATCH = YES;
				COPY_PHASE_STRIP = NO;
				DEBUG_INFORMATION_FORMAT = "dwarf-with-dsym";
				ENABLE_NS_ASSERTIONS = NO;
				ENABLE_STRICT_OBJC_MSGSEND = YES;
				GCC_C_LANGUAGE_STANDARD = gnu11;
				GCC_NO_COMMON_BLOCKS = YES;
				GCC_WARN_64_TO_32_BIT_CONVERSION = YES;
				GCC_WARN_ABOUT_RETURN_TYPE = YES_ERROR;
				GCC_WARN_UNDECLARED_SELECTOR = YES;
				GCC_WARN_UNINITIALIZED_AUTOS = YES_AGGRESSIVE;
				GCC_WARN_UNUSED_FUNCTION = YES;
				GCC_WARN_UNUSED_VARIABLE = YES;
				IPHONEOS_DEPLOYMENT_TARGET = 14.5;
				MTL_ENABLE_DEBUG_INFO = NO;
				MTL_FAST_MATH = YES;
				SDKROOT = iphoneos;
				SWIFT_COMPILATION_MODE = wholemodule;
				SWIFT_OPTIMIZATION_LEVEL = "-O";
				VALIDATE_PRODUCT = YES;
			};
			name = Release;
		};
		0E422CD72697905100804543 /* Debug */ = {
			isa = XCBuildConfiguration;
			buildSettings = {
				ASSETCATALOG_COMPILER_APPICON_NAME = AppIcon;
				ASSETCATALOG_COMPILER_GLOBAL_ACCENT_COLOR_NAME = AccentColor;
				CODE_SIGN_STYLE = Automatic;
				DEVELOPMENT_TEAM = Q6A28X826V;
				INFOPLIST_FILE = "Marvel Search/Info.plist";
				LD_RUNPATH_SEARCH_PATHS = (
					"$(inherited)",
					"@executable_path/Frameworks",
				);
				PRODUCT_BUNDLE_IDENTIFIER = "dev.golfetto.Marvel-Search";
				PRODUCT_NAME = "$(TARGET_NAME)";
				SWIFT_VERSION = 5.0;
				TARGETED_DEVICE_FAMILY = 1;
			};
			name = Debug;
		};
		0E422CD82697905100804543 /* Release */ = {
			isa = XCBuildConfiguration;
			buildSettings = {
				ASSETCATALOG_COMPILER_APPICON_NAME = AppIcon;
				ASSETCATALOG_COMPILER_GLOBAL_ACCENT_COLOR_NAME = AccentColor;
				CODE_SIGN_STYLE = Automatic;
				DEVELOPMENT_TEAM = Q6A28X826V;
				INFOPLIST_FILE = "Marvel Search/Info.plist";
				LD_RUNPATH_SEARCH_PATHS = (
					"$(inherited)",
					"@executable_path/Frameworks",
				);
				PRODUCT_BUNDLE_IDENTIFIER = "dev.golfetto.Marvel-Search";
				PRODUCT_NAME = "$(TARGET_NAME)";
				SWIFT_VERSION = 5.0;
				TARGETED_DEVICE_FAMILY = 1;
			};
			name = Release;
		};
		0E422CDA2697905100804543 /* Debug */ = {
			isa = XCBuildConfiguration;
			buildSettings = {
				ALWAYS_EMBED_SWIFT_STANDARD_LIBRARIES = YES;
				BUNDLE_LOADER = "$(TEST_HOST)";
				CODE_SIGN_STYLE = Automatic;
				DEVELOPMENT_TEAM = Q6A28X826V;
				INFOPLIST_FILE = "Marvel SearchTests/Info.plist";
				IPHONEOS_DEPLOYMENT_TARGET = 14.5;
				LD_RUNPATH_SEARCH_PATHS = (
					"$(inherited)",
					"@executable_path/Frameworks",
					"@loader_path/Frameworks",
				);
				PRODUCT_BUNDLE_IDENTIFIER = "dev.golfetto.Marvel-SearchTests";
				PRODUCT_NAME = "$(TARGET_NAME)";
				SWIFT_VERSION = 5.0;
				TARGETED_DEVICE_FAMILY = "1,2";
				TEST_HOST = "$(BUILT_PRODUCTS_DIR)/Marvel Search.app/Marvel Search";
			};
			name = Debug;
		};
		0E422CDB2697905100804543 /* Release */ = {
			isa = XCBuildConfiguration;
			buildSettings = {
				ALWAYS_EMBED_SWIFT_STANDARD_LIBRARIES = YES;
				BUNDLE_LOADER = "$(TEST_HOST)";
				CODE_SIGN_STYLE = Automatic;
				DEVELOPMENT_TEAM = Q6A28X826V;
				INFOPLIST_FILE = "Marvel SearchTests/Info.plist";
				IPHONEOS_DEPLOYMENT_TARGET = 14.5;
				LD_RUNPATH_SEARCH_PATHS = (
					"$(inherited)",
					"@executable_path/Frameworks",
					"@loader_path/Frameworks",
				);
				PRODUCT_BUNDLE_IDENTIFIER = "dev.golfetto.Marvel-SearchTests";
				PRODUCT_NAME = "$(TARGET_NAME)";
				SWIFT_VERSION = 5.0;
				TARGETED_DEVICE_FAMILY = "1,2";
				TEST_HOST = "$(BUILT_PRODUCTS_DIR)/Marvel Search.app/Marvel Search";
			};
			name = Release;
		};
		0E422CDD2697905100804543 /* Debug */ = {
			isa = XCBuildConfiguration;
			buildSettings = {
				ALWAYS_EMBED_SWIFT_STANDARD_LIBRARIES = YES;
				CODE_SIGN_STYLE = Automatic;
				DEVELOPMENT_TEAM = Q6A28X826V;
				INFOPLIST_FILE = "Marvel SearchUITests/Info.plist";
				LD_RUNPATH_SEARCH_PATHS = (
					"$(inherited)",
					"@executable_path/Frameworks",
					"@loader_path/Frameworks",
				);
				PRODUCT_BUNDLE_IDENTIFIER = "dev.golfetto.Marvel-SearchUITests";
				PRODUCT_NAME = "$(TARGET_NAME)";
				SWIFT_VERSION = 5.0;
				TARGETED_DEVICE_FAMILY = "1,2";
				TEST_TARGET_NAME = "Marvel Search";
			};
			name = Debug;
		};
		0E422CDE2697905100804543 /* Release */ = {
			isa = XCBuildConfiguration;
			buildSettings = {
				ALWAYS_EMBED_SWIFT_STANDARD_LIBRARIES = YES;
				CODE_SIGN_STYLE = Automatic;
				DEVELOPMENT_TEAM = Q6A28X826V;
				INFOPLIST_FILE = "Marvel SearchUITests/Info.plist";
				LD_RUNPATH_SEARCH_PATHS = (
					"$(inherited)",
					"@executable_path/Frameworks",
					"@loader_path/Frameworks",
				);
				PRODUCT_BUNDLE_IDENTIFIER = "dev.golfetto.Marvel-SearchUITests";
				PRODUCT_NAME = "$(TARGET_NAME)";
				SWIFT_VERSION = 5.0;
				TARGETED_DEVICE_FAMILY = "1,2";
				TEST_TARGET_NAME = "Marvel Search";
			};
			name = Release;
		};
/* End XCBuildConfiguration section */

/* Begin XCConfigurationList section */
		0E422CA72697905000804543 /* Build configuration list for PBXProject "Marvel Search" */ = {
			isa = XCConfigurationList;
			buildConfigurations = (
				0E422CD42697905100804543 /* Debug */,
				0E422CD52697905100804543 /* Release */,
			);
			defaultConfigurationIsVisible = 0;
			defaultConfigurationName = Release;
		};
		0E422CD62697905100804543 /* Build configuration list for PBXNativeTarget "Marvel Search" */ = {
			isa = XCConfigurationList;
			buildConfigurations = (
				0E422CD72697905100804543 /* Debug */,
				0E422CD82697905100804543 /* Release */,
			);
			defaultConfigurationIsVisible = 0;
			defaultConfigurationName = Release;
		};
		0E422CD92697905100804543 /* Build configuration list for PBXNativeTarget "Marvel SearchTests" */ = {
			isa = XCConfigurationList;
			buildConfigurations = (
				0E422CDA2697905100804543 /* Debug */,
				0E422CDB2697905100804543 /* Release */,
			);
			defaultConfigurationIsVisible = 0;
			defaultConfigurationName = Release;
		};
		0E422CDC2697905100804543 /* Build configuration list for PBXNativeTarget "Marvel SearchUITests" */ = {
			isa = XCConfigurationList;
			buildConfigurations = (
				0E422CDD2697905100804543 /* Debug */,
				0E422CDE2697905100804543 /* Release */,
			);
			defaultConfigurationIsVisible = 0;
			defaultConfigurationName = Release;
		};
/* End XCConfigurationList section */
	};
	rootObject = 0E422CA42697905000804543 /* Project object */;
}
